
Microsoft Visual Studio Solution File, Format Version 12.00
# Visual Studio Version 16
VisualStudioVersion = 16.0.31321.278
MinimumVisualStudioVersion = 10.0.40219.1
Project("{8BC9CEB8-8B4A-11D0-8D11-00A0C91BC942}") = "Parallel_3N_pl_1", "Parallel_3N_pl_1.vcxproj", "{379FFFB2-6938-44DB-BDF2-CF601DB80248}"
EndProject
Global
	GlobalSection(SolutionConfigurationPlatforms) = preSolution
		Debug|x64 = Debug|x64
		Debug|x86 = Debug|x86
		Release|x64 = Release|x64
		Release|x86 = Release|x86
	EndGlobalSection
	GlobalSection(ProjectConfigurationPlatforms) = postSolution
		{379FFFB2-6938-44DB-BDF2-CF601DB80248}.Debug|x64.ActiveCfg = Debug|x64
		{379FFFB2-6938-44DB-BDF2-CF601DB80248}.Debug|x64.Build.0 = Debug|x64
		{379FFFB2-6938-44DB-BDF2-CF601DB80248}.Debug|x86.ActiveCfg = Debug|Win32
		{379FFFB2-6938-44DB-BDF2-CF601DB80248}.Debug|x86.Build.0 = Debug|Win32
		{379FFFB2-6938-44DB-BDF2-CF601DB80248}.Release|x64.ActiveCfg = Release|x64
		{379FFFB2-6938-44DB-BDF2-CF601DB80248}.Release|x64.Build.0 = Release|x64
		{379FFFB2-6938-44DB-BDF2-CF601DB80248}.Release|x86.ActiveCfg = Release|Win32
		{379FFFB2-6938-44DB-BDF2-CF601DB80248}.Release|x86.Build.0 = Release|Win32
	EndGlobalSection
	GlobalSection(SolutionProperties) = preSolution
		HideSolutionNode = FALSE
	EndGlobalSection
	GlobalSection(ExtensibilityGlobals) = postSolution
		SolutionGuid = {BE1D925C-CCA9-40B5-A7A2-B243EAC4D21B}
	EndGlobalSection
EndGlobal
